
Microsoft Visual Studio Solution File, Format Version 12.00
# Visual Studio Version 16
VisualStudioVersion = 16.0.31005.135
MinimumVisualStudioVersion = 10.0.40219.1
Project("{FAE04EC0-301F-11D3-BF4B-00C04F79EFBC}") = "ServerCodeMtk-P2-086", "ServerCodeMtk-P2-086\ServerCodeMtk-P2-086.csproj", "{E0904CD9-4031-41D9-9452-E391A0D03088}"
EndProject
Global
	GlobalSection(SolutionConfigurationPlatforms) = preSolution
		Debug|Any CPU = Debug|Any CPU
		Release|Any CPU = Release|Any CPU
	EndGlobalSection
	GlobalSection(ProjectConfigurationPlatforms) = postSolution
		{E0904CD9-4031-41D9-9452-E391A0D03088}.Debug|Any CPU.ActiveCfg = Debug|Any CPU
		{E0904CD9-4031-41D9-9452-E391A0D03088}.Debug|Any CPU.Build.0 = Debug|Any CPU
		{E0904CD9-4031-41D9-9452-E391A0D03088}.Release|Any CPU.ActiveCfg = Release|Any CPU
		{E0904CD9-4031-41D9-9452-E391A0D03088}.Release|Any CPU.Build.0 = Release|Any CPU
	EndGlobalSection
	GlobalSection(SolutionProperties) = preSolution
		HideSolutionNode = FALSE
	EndGlobalSection
	GlobalSection(ExtensibilityGlobals) = postSolution
		SolutionGuid = {A6B875BC-7A9F-4F1C-B6B6-C814E90B669F}
	EndGlobalSection
EndGlobal
